
Microsoft Visual Studio Solution File, Format Version 12.00
# Visual Studio 2012
Project("{FAE04EC0-301F-11D3-BF4B-00C04F79EFBC}") = "ForlornscTriviaBot", "ForlornscTriviaBot\ForlornscTriviaBot.csproj", "{7CA71CD4-A2C7-44C1-8EB9-52B7A594CF69}"
EndProject
Global
	GlobalSection(SolutionConfigurationPlatforms) = preSolution
		Debug|Any CPU = Debug|Any CPU
		Release|Any CPU = Release|Any CPU
	EndGlobalSection
	GlobalSection(ProjectConfigurationPlatforms) = postSolution
		{7CA71CD4-A2C7-44C1-8EB9-52B7A594CF69}.Debug|Any CPU.ActiveCfg = Debug|Any CPU
		{7CA71CD4-A2C7-44C1-8EB9-52B7A594CF69}.Debug|Any CPU.Build.0 = Debug|Any CPU
		{7CA71CD4-A2C7-44C1-8EB9-52B7A594CF69}.Release|Any CPU.ActiveCfg = Release|Any CPU
		{7CA71CD4-A2C7-44C1-8EB9-52B7A594CF69}.Release|Any CPU.Build.0 = Release|Any CPU
	EndGlobalSection
	GlobalSection(SolutionProperties) = preSolution
		HideSolutionNode = FALSE
	EndGlobalSection
EndGlobal
